
Microsoft Visual Studio Solution File, Format Version 12.00
# Visual Studio 15
VisualStudioVersion = 15.0.26228.12
MinimumVisualStudioVersion = 10.0.40219.1
Project("{FAE04EC0-301F-11D3-BF4B-00C04F79EFBC}") = "Mock", "Mock\Mock.csproj", "{5AF486F8-31EF-4C1D-B2BB-6D079E342420}"
EndProject
Project("{FAE04EC0-301F-11D3-BF4B-00C04F79EFBC}") = "View", "View\View.csproj", "{6BBB1761-B6ED-4314-984F-CFCD0A6FA1D2}"
EndProject
Project("{FAE04EC0-301F-11D3-BF4B-00C04F79EFBC}") = "DataAccess", "DataAccess\DataAccess.csproj", "{2A32F614-AA07-4813-933D-ACEB655FC89C}"
EndProject
Project("{FAE04EC0-301F-11D3-BF4B-00C04F79EFBC}") = "Model", "Model\Model.csproj", "{448D8206-4FA8-4749-9D1D-72CC8A6FC95F}"
EndProject
Project("{FAE04EC0-301F-11D3-BF4B-00C04F79EFBC}") = "Services", "Services\Services.csproj", "{B9702E65-69EB-40C4-99BF-6BE88F82EF91}"
EndProject
Global
	GlobalSection(SolutionConfigurationPlatforms) = preSolution
		Debug|Any CPU = Debug|Any CPU
		Release|Any CPU = Release|Any CPU
	EndGlobalSection
	GlobalSection(ProjectConfigurationPlatforms) = postSolution
		{5AF486F8-31EF-4C1D-B2BB-6D079E342420}.Debug|Any CPU.ActiveCfg = Debug|Any CPU
		{5AF486F8-31EF-4C1D-B2BB-6D079E342420}.Debug|Any CPU.Build.0 = Debug|Any CPU
		{5AF486F8-31EF-4C1D-B2BB-6D079E342420}.Release|Any CPU.ActiveCfg = Release|Any CPU
		{5AF486F8-31EF-4C1D-B2BB-6D079E342420}.Release|Any CPU.Build.0 = Release|Any CPU
		{6BBB1761-B6ED-4314-984F-CFCD0A6FA1D2}.Debug|Any CPU.ActiveCfg = Debug|Any CPU
		{6BBB1761-B6ED-4314-984F-CFCD0A6FA1D2}.Debug|Any CPU.Build.0 = Debug|Any CPU
		{6BBB1761-B6ED-4314-984F-CFCD0A6FA1D2}.Release|Any CPU.ActiveCfg = Release|Any CPU
		{6BBB1761-B6ED-4314-984F-CFCD0A6FA1D2}.Release|Any CPU.Build.0 = Release|Any CPU
		{2A32F614-AA07-4813-933D-ACEB655FC89C}.Debug|Any CPU.ActiveCfg = Debug|Any CPU
		{2A32F614-AA07-4813-933D-ACEB655FC89C}.Debug|Any CPU.Build.0 = Debug|Any CPU
		{2A32F614-AA07-4813-933D-ACEB655FC89C}.Release|Any CPU.ActiveCfg = Release|Any CPU
		{2A32F614-AA07-4813-933D-ACEB655FC89C}.Release|Any CPU.Build.0 = Release|Any CPU
		{448D8206-4FA8-4749-9D1D-72CC8A6FC95F}.Debug|Any CPU.ActiveCfg = Debug|Any CPU
		{448D8206-4FA8-4749-9D1D-72CC8A6FC95F}.Debug|Any CPU.Build.0 = Debug|Any CPU
		{448D8206-4FA8-4749-9D1D-72CC8A6FC95F}.Release|Any CPU.ActiveCfg = Release|Any CPU
		{448D8206-4FA8-4749-9D1D-72CC8A6FC95F}.Release|Any CPU.Build.0 = Release|Any CPU
		{B9702E65-69EB-40C4-99BF-6BE88F82EF91}.Debug|Any CPU.ActiveCfg = Debug|Any CPU
		{B9702E65-69EB-40C4-99BF-6BE88F82EF91}.Debug|Any CPU.Build.0 = Debug|Any CPU
		{B9702E65-69EB-40C4-99BF-6BE88F82EF91}.Release|Any CPU.ActiveCfg = Release|Any CPU
		{B9702E65-69EB-40C4-99BF-6BE88F82EF91}.Release|Any CPU.Build.0 = Release|Any CPU
	EndGlobalSection
	GlobalSection(SolutionProperties) = preSolution
		HideSolutionNode = FALSE
	EndGlobalSection
EndGlobal
